// !$*UTF8*$!
{
	archiveVersion = 1;
	classes = {
	};
	objectVersion = 50;
	objects = {

/* Begin PBXBuildFile section */
		980075DE250FFAEE001662D1 /* HomeView.swift in Sources */ = {isa = PBXBuildFile; fileRef = 980075DD250FFAEE001662D1 /* HomeView.swift */; };
		980075E025108533001662D1 /* NavigationViewController.swift in Sources */ = {isa = PBXBuildFile; fileRef = 980075DF25108533001662D1 /* NavigationViewController.swift */; };
		980075E225108577001662D1 /* RoomViewController.swift in Sources */ = {isa = PBXBuildFile; fileRef = 980075E125108577001662D1 /* RoomViewController.swift */; };
		980075E425112679001662D1 /* RoomView.swift in Sources */ = {isa = PBXBuildFile; fileRef = 980075E325112679001662D1 /* RoomView.swift */; };
		980075E725112999001662D1 /* Button.swift in Sources */ = {isa = PBXBuildFile; fileRef = 980075E625112999001662D1 /* Button.swift */; };
		980075E925114D3D001662D1 /* Room.swift in Sources */ = {isa = PBXBuildFile; fileRef = 980075E825114D3D001662D1 /* Room.swift */; };
		980075EB251286FD001662D1 /* Util.swift in Sources */ = {isa = PBXBuildFile; fileRef = 980075EA251286FD001662D1 /* Util.swift */; };
		980075EF2513D99A001662D1 /* EditRoomView.swift in Sources */ = {isa = PBXBuildFile; fileRef = 980075EE2513D99A001662D1 /* EditRoomView.swift */; };
		980075F125140565001662D1 /* Privilege.swift in Sources */ = {isa = PBXBuildFile; fileRef = 980075F025140565001662D1 /* Privilege.swift */; };
		980075F325140C5D001662D1 /* Vote.swift in Sources */ = {isa = PBXBuildFile; fileRef = 980075F225140C5D001662D1 /* Vote.swift */; };
		980075F525140D3E001662D1 /* Say.swift in Sources */ = {isa = PBXBuildFile; fileRef = 980075F425140D3E001662D1 /* Say.swift */; };
		980075F725140D7D001662D1 /* VoteItem.swift in Sources */ = {isa = PBXBuildFile; fileRef = 980075F625140D7D001662D1 /* VoteItem.swift */; };
		980075F9251441F6001662D1 /* Backend.swift in Sources */ = {isa = PBXBuildFile; fileRef = 980075F8251441F6001662D1 /* Backend.swift */; };
		980075FB251D70C7001662D1 /* JoinView.swift in Sources */ = {isa = PBXBuildFile; fileRef = 980075FA251D70C7001662D1 /* JoinView.swift */; };
		980075FD25228A9D001662D1 /* User.swift in Sources */ = {isa = PBXBuildFile; fileRef = 980075FC25228A9D001662D1 /* User.swift */; };
		980075FF2523B4EE001662D1 /* EditItemView.swift in Sources */ = {isa = PBXBuildFile; fileRef = 980075FE2523B4EE001662D1 /* EditItemView.swift */; };
		9819B594255322BC0074B8A2 /* ContactView.swift in Sources */ = {isa = PBXBuildFile; fileRef = 9819B593255322BC0074B8A2 /* ContactView.swift */; };
		9819B596255326AE0074B8A2 /* PopoverView.swift in Sources */ = {isa = PBXBuildFile; fileRef = 9819B595255326AE0074B8A2 /* PopoverView.swift */; };
		9881A6862291A9E900A12942 /* AppDelegate.swift in Sources */ = {isa = PBXBuildFile; fileRef = 9881A6852291A9E900A12942 /* AppDelegate.swift */; };
		9881A6882291A9E900A12942 /* HomeViewController.swift in Sources */ = {isa = PBXBuildFile; fileRef = 9881A6872291A9E900A12942 /* HomeViewController.swift */; };
		9881A68D2291A9EA00A12942 /* Assets.xcassets in Resources */ = {isa = PBXBuildFile; fileRef = 9881A68C2291A9EA00A12942 /* Assets.xcassets */; };
		9881A69B2291A9EA00A12942 /* whaddayaTests.swift in Sources */ = {isa = PBXBuildFile; fileRef = 9881A69A2291A9EA00A12942 /* whaddayaTests.swift */; };
		9883435B2580030B00DF1CD7 /* VoteListViewController.swift in Sources */ = {isa = PBXBuildFile; fileRef = 9883435A2580030B00DF1CD7 /* VoteListViewController.swift */; };
		988D70F0252B9F53009811F0 /* ItemCollectionViewController.swift in Sources */ = {isa = PBXBuildFile; fileRef = 988D70EF252B9F53009811F0 /* ItemCollectionViewController.swift */; };
		988D70F2252BA029009811F0 /* ItemCollectionView.swift in Sources */ = {isa = PBXBuildFile; fileRef = 988D70F1252BA029009811F0 /* ItemCollectionView.swift */; };
		988D70F4252BA751009811F0 /* VoteType.swift in Sources */ = {isa = PBXBuildFile; fileRef = 988D70F3252BA751009811F0 /* VoteType.swift */; };
		988D70F62530CB1D009811F0 /* VoteViewController.swift in Sources */ = {isa = PBXBuildFile; fileRef = 988D70F52530CB1D009811F0 /* VoteViewController.swift */; };
		988D70F82530CB87009811F0 /* VoteView.swift in Sources */ = {isa = PBXBuildFile; fileRef = 988D70F72530CB87009811F0 /* VoteView.swift */; };
/* End PBXBuildFile section */

/* Begin PBXContainerItemProxy section */
		9881A6972291A9EA00A12942 /* PBXContainerItemProxy */ = {
			isa = PBXContainerItemProxy;
			containerPortal = 9881A67A2291A9E900A12942 /* Project object */;
			proxyType = 1;
			remoteGlobalIDString = 9881A6812291A9E900A12942;
			remoteInfo = whaddaya;
		};
/* End PBXContainerItemProxy section */

/* Begin PBXFileReference section */
		980075DD250FFAEE001662D1 /* HomeView.swift */ = {isa = PBXFileReference; lastKnownFileType = sourcecode.swift; path = HomeView.swift; sourceTree = "<group>"; };
		980075DF25108533001662D1 /* NavigationViewController.swift */ = {isa = PBXFileReference; lastKnownFileType = sourcecode.swift; path = NavigationViewController.swift; sourceTree = "<group>"; };
		980075E125108577001662D1 /* RoomViewController.swift */ = {isa = PBXFileReference; lastKnownFileType = sourcecode.swift; path = RoomViewController.swift; sourceTree = "<group>"; };
		980075E325112679001662D1 /* RoomView.swift */ = {isa = PBXFileReference; lastKnownFileType = sourcecode.swift; path = RoomView.swift; sourceTree = "<group>"; };
		980075E625112999001662D1 /* Button.swift */ = {isa = PBXFileReference; lastKnownFileType = sourcecode.swift; path = Button.swift; sourceTree = "<group>"; };
		980075E825114D3D001662D1 /* Room.swift */ = {isa = PBXFileReference; lastKnownFileType = sourcecode.swift; path = Room.swift; sourceTree = "<group>"; };
		980075EA251286FD001662D1 /* Util.swift */ = {isa = PBXFileReference; lastKnownFileType = sourcecode.swift; path = Util.swift; sourceTree = "<group>"; };
		980075EE2513D99A001662D1 /* EditRoomView.swift */ = {isa = PBXFileReference; lastKnownFileType = sourcecode.swift; path = EditRoomView.swift; sourceTree = "<group>"; };
		980075F025140565001662D1 /* Privilege.swift */ = {isa = PBXFileReference; lastKnownFileType = sourcecode.swift; path = Privilege.swift; sourceTree = "<group>"; };
		980075F225140C5D001662D1 /* Vote.swift */ = {isa = PBXFileReference; lastKnownFileType = sourcecode.swift; path = Vote.swift; sourceTree = "<group>"; };
		980075F425140D3E001662D1 /* Say.swift */ = {isa = PBXFileReference; lastKnownFileType = sourcecode.swift; path = Say.swift; sourceTree = "<group>"; };
		980075F625140D7D001662D1 /* VoteItem.swift */ = {isa = PBXFileReference; lastKnownFileType = sourcecode.swift; path = VoteItem.swift; sourceTree = "<group>"; };
		980075F8251441F6001662D1 /* Backend.swift */ = {isa = PBXFileReference; lastKnownFileType = sourcecode.swift; path = Backend.swift; sourceTree = "<group>"; };
		980075FA251D70C7001662D1 /* JoinView.swift */ = {isa = PBXFileReference; lastKnownFileType = sourcecode.swift; path = JoinView.swift; sourceTree = "<group>"; };
		980075FC25228A9D001662D1 /* User.swift */ = {isa = PBXFileReference; lastKnownFileType = sourcecode.swift; path = User.swift; sourceTree = "<group>"; };
		980075FE2523B4EE001662D1 /* EditItemView.swift */ = {isa = PBXFileReference; lastKnownFileType = sourcecode.swift; path = EditItemView.swift; sourceTree = "<group>"; };
		9819B593255322BC0074B8A2 /* ContactView.swift */ = {isa = PBXFileReference; lastKnownFileType = sourcecode.swift; path = ContactView.swift; sourceTree = "<group>"; };
		9819B595255326AE0074B8A2 /* PopoverView.swift */ = {isa = PBXFileReference; lastKnownFileType = sourcecode.swift; path = PopoverView.swift; sourceTree = "<group>"; };
		9881A6822291A9E900A12942 /* whaddaya.app */ = {isa = PBXFileReference; explicitFileType = wrapper.application; includeInIndex = 0; path = whaddaya.app; sourceTree = BUILT_PRODUCTS_DIR; };
		9881A6852291A9E900A12942 /* AppDelegate.swift */ = {isa = PBXFileReference; lastKnownFileType = sourcecode.swift; path = AppDelegate.swift; sourceTree = "<group>"; };
		9881A6872291A9E900A12942 /* HomeViewController.swift */ = {isa = PBXFileReference; lastKnownFileType = sourcecode.swift; path = HomeViewController.swift; sourceTree = "<group>"; };
		9881A68C2291A9EA00A12942 /* Assets.xcassets */ = {isa = PBXFileReference; lastKnownFileType = folder.assetcatalog; path = Assets.xcassets; sourceTree = "<group>"; };
		9881A6912291A9EA00A12942 /* Info.plist */ = {isa = PBXFileReference; lastKnownFileType = text.plist.xml; path = Info.plist; sourceTree = "<group>"; };
		9881A6962291A9EA00A12942 /* whaddayaTests.xctest */ = {isa = PBXFileReference; explicitFileType = wrapper.cfbundle; includeInIndex = 0; path = whaddayaTests.xctest; sourceTree = BUILT_PRODUCTS_DIR; };
		9881A69A2291A9EA00A12942 /* whaddayaTests.swift */ = {isa = PBXFileReference; lastKnownFileType = sourcecode.swift; path = whaddayaTests.swift; sourceTree = "<group>"; };
		9881A69C2291A9EA00A12942 /* Info.plist */ = {isa = PBXFileReference; lastKnownFileType = text.plist.xml; path = Info.plist; sourceTree = "<group>"; };
		9883435A2580030B00DF1CD7 /* VoteListViewController.swift */ = {isa = PBXFileReference; lastKnownFileType = sourcecode.swift; path = VoteListViewController.swift; sourceTree = "<group>"; };
		988D70EF252B9F53009811F0 /* ItemCollectionViewController.swift */ = {isa = PBXFileReference; lastKnownFileType = sourcecode.swift; path = ItemCollectionViewController.swift; sourceTree = "<group>"; };
		988D70F1252BA029009811F0 /* ItemCollectionView.swift */ = {isa = PBXFileReference; lastKnownFileType = sourcecode.swift; path = ItemCollectionView.swift; sourceTree = "<group>"; };
		988D70F3252BA751009811F0 /* VoteType.swift */ = {isa = PBXFileReference; lastKnownFileType = sourcecode.swift; path = VoteType.swift; sourceTree = "<group>"; };
		988D70F52530CB1D009811F0 /* VoteViewController.swift */ = {isa = PBXFileReference; lastKnownFileType = sourcecode.swift; path = VoteViewController.swift; sourceTree = "<group>"; };
		988D70F72530CB87009811F0 /* VoteView.swift */ = {isa = PBXFileReference; lastKnownFileType = sourcecode.swift; path = VoteView.swift; sourceTree = "<group>"; };
/* End PBXFileReference section */

/* Begin PBXFrameworksBuildPhase section */
		9881A67F2291A9E900A12942 /* Frameworks */ = {
			isa = PBXFrameworksBuildPhase;
			buildActionMask = 2147483647;
			files = (
			);
			runOnlyForDeploymentPostprocessing = 0;
		};
		9881A6932291A9EA00A12942 /* Frameworks */ = {
			isa = PBXFrameworksBuildPhase;
			buildActionMask = 2147483647;
			files = (
			);
			runOnlyForDeploymentPostprocessing = 0;
		};
/* End PBXFrameworksBuildPhase section */

/* Begin PBXGroup section */
		980075D9250FFA62001662D1 /* Models */ = {
			isa = PBXGroup;
			children = (
				980075E825114D3D001662D1 /* Room.swift */,
				988D70F3252BA751009811F0 /* VoteType.swift */,
				980075FC25228A9D001662D1 /* User.swift */,
				980075F225140C5D001662D1 /* Vote.swift */,
				980075F625140D7D001662D1 /* VoteItem.swift */,
				980075F425140D3E001662D1 /* Say.swift */,
				980075F025140565001662D1 /* Privilege.swift */,
			);
			path = Models;
			sourceTree = "<group>";
		};
		980075DB250FFA8A001662D1 /* Views */ = {
			isa = PBXGroup;
			children = (
				980075DD250FFAEE001662D1 /* HomeView.swift */,
				980075E325112679001662D1 /* RoomView.swift */,
				980075EE2513D99A001662D1 /* EditRoomView.swift */,
				980075FA251D70C7001662D1 /* JoinView.swift */,
				980075FE2523B4EE001662D1 /* EditItemView.swift */,
				988D70F72530CB87009811F0 /* VoteView.swift */,
				9819B593255322BC0074B8A2 /* ContactView.swift */,
			);
			path = Views;
			sourceTree = "<group>";
		};
		980075DC250FFA93001662D1 /* Controllers */ = {
			isa = PBXGroup;
			children = (
				980075DF25108533001662D1 /* NavigationViewController.swift */,
				9881A6872291A9E900A12942 /* HomeViewController.swift */,
				980075E125108577001662D1 /* RoomViewController.swift */,
				9883435A2580030B00DF1CD7 /* VoteListViewController.swift */,
				988D70F52530CB1D009811F0 /* VoteViewController.swift */,
			);
			path = Controllers;
			sourceTree = "<group>";
		};
		980075E525112986001662D1 /* Wrappers */ = {
			isa = PBXGroup;
			children = (
				980075E625112999001662D1 /* Button.swift */,
				9819B595255326AE0074B8A2 /* PopoverView.swift */,
				988D70F1252BA029009811F0 /* ItemCollectionView.swift */,
				988D70EF252B9F53009811F0 /* ItemCollectionViewController.swift */,
			);
			path = Wrappers;
			sourceTree = "<group>";
		};
		9881A6792291A9E900A12942 = {
			isa = PBXGroup;
			children = (
				9881A6842291A9E900A12942 /* whaddaya */,
				9881A6992291A9EA00A12942 /* whaddayaTests */,
				9881A6832291A9E900A12942 /* Products */,
			);
			sourceTree = "<group>";
		};
		9881A6832291A9E900A12942 /* Products */ = {
			isa = PBXGroup;
			children = (
				9881A6822291A9E900A12942 /* whaddaya.app */,
				9881A6962291A9EA00A12942 /* whaddayaTests.xctest */,
			);
			name = Products;
			sourceTree = "<group>";
		};
		9881A6842291A9E900A12942 /* whaddaya */ = {
			isa = PBXGroup;
			children = (
				980075E525112986001662D1 /* Wrappers */,
				980075D9250FFA62001662D1 /* Models */,
				980075DC250FFA93001662D1 /* Controllers */,
				980075DB250FFA8A001662D1 /* Views */,
				9881A6852291A9E900A12942 /* AppDelegate.swift */,
				9881A68C2291A9EA00A12942 /* Assets.xcassets */,
				9881A6912291A9EA00A12942 /* Info.plist */,
				980075EA251286FD001662D1 /* Util.swift */,
				980075F8251441F6001662D1 /* Backend.swift */,
			);
			path = whaddaya;
			sourceTree = "<group>";
		};
		9881A6992291A9EA00A12942 /* whaddayaTests */ = {
			isa = PBXGroup;
			children = (
				9881A69A2291A9EA00A12942 /* whaddayaTests.swift */,
				9881A69C2291A9EA00A12942 /* Info.plist */,
			);
			path = whaddayaTests;
			sourceTree = "<group>";
		};
/* End PBXGroup section */

/* Begin PBXNativeTarget section */
		9881A6812291A9E900A12942 /* whaddaya */ = {
			isa = PBXNativeTarget;
			buildConfigurationList = 9881A69F2291A9EA00A12942 /* Build configuration list for PBXNativeTarget "whaddaya" */;
			buildPhases = (
				9881A67E2291A9E900A12942 /* Sources */,
				9881A67F2291A9E900A12942 /* Frameworks */,
				9881A6802291A9E900A12942 /* Resources */,
			);
			buildRules = (
			);
			dependencies = (
			);
			name = whaddaya;
			productName = whaddaya;
			productReference = 9881A6822291A9E900A12942 /* whaddaya.app */;
			productType = "com.apple.product-type.application";
		};
		9881A6952291A9EA00A12942 /* whaddayaTests */ = {
			isa = PBXNativeTarget;
			buildConfigurationList = 9881A6A22291A9EA00A12942 /* Build configuration list for PBXNativeTarget "whaddayaTests" */;
			buildPhases = (
				9881A6922291A9EA00A12942 /* Sources */,
				9881A6932291A9EA00A12942 /* Frameworks */,
				9881A6942291A9EA00A12942 /* Resources */,
			);
			buildRules = (
			);
			dependencies = (
				9881A6982291A9EA00A12942 /* PBXTargetDependency */,
			);
			name = whaddayaTests;
			productName = whaddayaTests;
			productReference = 9881A6962291A9EA00A12942 /* whaddayaTests.xctest */;
			productType = "com.apple.product-type.bundle.unit-test";
		};
/* End PBXNativeTarget section */

/* Begin PBXProject section */
		9881A67A2291A9E900A12942 /* Project object */ = {
			isa = PBXProject;
			attributes = {
				LastSwiftUpdateCheck = 1010;
				LastUpgradeCheck = 1010;
				ORGANIZATIONNAME = jiseung;
				TargetAttributes = {
					9881A6812291A9E900A12942 = {
						CreatedOnToolsVersion = 10.1;
						LastSwiftMigration = 1130;
					};
					9881A6952291A9EA00A12942 = {
						CreatedOnToolsVersion = 10.1;
						LastSwiftMigration = 1130;
						TestTargetID = 9881A6812291A9E900A12942;
					};
				};
			};
			buildConfigurationList = 9881A67D2291A9E900A12942 /* Build configuration list for PBXProject "whaddaya" */;
			compatibilityVersion = "Xcode 9.3";
			developmentRegion = en;
			hasScannedForEncodings = 0;
			knownRegions = (
				en,
				Base,
			);
			mainGroup = 9881A6792291A9E900A12942;
			productRefGroup = 9881A6832291A9E900A12942 /* Products */;
			projectDirPath = "";
			projectRoot = "";
			targets = (
				9881A6812291A9E900A12942 /* whaddaya */,
				9881A6952291A9EA00A12942 /* whaddayaTests */,
			);
		};
/* End PBXProject section */

/* Begin PBXResourcesBuildPhase section */
		9881A6802291A9E900A12942 /* Resources */ = {
			isa = PBXResourcesBuildPhase;
			buildActionMask = 2147483647;
			files = (
				9881A68D2291A9EA00A12942 /* Assets.xcassets in Resources */,
			);
			runOnlyForDeploymentPostprocessing = 0;
		};
		9881A6942291A9EA00A12942 /* Resources */ = {
			isa = PBXResourcesBuildPhase;
			buildActionMask = 2147483647;
			files = (
			);
			runOnlyForDeploymentPostprocessing = 0;
		};
/* End PBXResourcesBuildPhase section */

/* Begin PBXSourcesBuildPhase section */
		9881A67E2291A9E900A12942 /* Sources */ = {
			isa = PBXSourcesBuildPhase;
			buildActionMask = 2147483647;
			files = (
				980075F9251441F6001662D1 /* Backend.swift in Sources */,
				980075FF2523B4EE001662D1 /* EditItemView.swift in Sources */,
				9883435B2580030B00DF1CD7 /* VoteListViewController.swift in Sources */,
				980075E725112999001662D1 /* Button.swift in Sources */,
				988D70F2252BA029009811F0 /* ItemCollectionView.swift in Sources */,
				988D70F82530CB87009811F0 /* VoteView.swift in Sources */,
				988D70F4252BA751009811F0 /* VoteType.swift in Sources */,
				980075EB251286FD001662D1 /* Util.swift in Sources */,
				980075F325140C5D001662D1 /* Vote.swift in Sources */,
				980075FB251D70C7001662D1 /* JoinView.swift in Sources */,
				980075EF2513D99A001662D1 /* EditRoomView.swift in Sources */,
				980075E025108533001662D1 /* NavigationViewController.swift in Sources */,
				980075FD25228A9D001662D1 /* User.swift in Sources */,
				988D70F0252B9F53009811F0 /* ItemCollectionViewController.swift in Sources */,
				980075E925114D3D001662D1 /* Room.swift in Sources */,
				980075F725140D7D001662D1 /* VoteItem.swift in Sources */,
				980075F125140565001662D1 /* Privilege.swift in Sources */,
				980075F525140D3E001662D1 /* Say.swift in Sources */,
				980075DE250FFAEE001662D1 /* HomeView.swift in Sources */,
				9881A6882291A9E900A12942 /* HomeViewController.swift in Sources */,
				9819B594255322BC0074B8A2 /* ContactView.swift in Sources */,
				988D70F62530CB1D009811F0 /* VoteViewController.swift in Sources */,
				980075E425112679001662D1 /* RoomView.swift in Sources */,
				980075E225108577001662D1 /* RoomViewController.swift in Sources */,
				9819B596255326AE0074B8A2 /* PopoverView.swift in Sources */,
				9881A6862291A9E900A12942 /* AppDelegate.swift in Sources */,
			);
			runOnlyForDeploymentPostprocessing = 0;
		};
		9881A6922291A9EA00A12942 /* Sources */ = {
			isa = PBXSourcesBuildPhase;
			buildActionMask = 2147483647;
			files = (
				9881A69B2291A9EA00A12942 /* whaddayaTests.swift in Sources */,
			);
			runOnlyForDeploymentPostprocessing = 0;
		};
/* End PBXSourcesBuildPhase section */

/* Begin PBXTargetDependency section */
		9881A6982291A9EA00A12942 /* PBXTargetDependency */ = {
			isa = PBXTargetDependency;
			target = 9881A6812291A9E900A12942 /* whaddaya */;
			targetProxy = 9881A6972291A9EA00A12942 /* PBXContainerItemProxy */;
		};
/* End PBXTargetDependency section */

/* Begin XCBuildConfiguration section */
		9881A69D2291A9EA00A12942 /* Debug */ = {
			isa = XCBuildConfiguration;
			buildSettings = {
				ALWAYS_SEARCH_USER_PATHS = NO;
				CLANG_ANALYZER_NONNULL = YES;
				CLANG_ANALYZER_NUMBER_OBJECT_CONVERSION = YES_AGGRESSIVE;
				CLANG_CXX_LANGUAGE_STANDARD = "gnu++14";
				CLANG_CXX_LIBRARY = "libc++";
				CLANG_ENABLE_MODULES = YES;
				CLANG_ENABLE_OBJC_ARC = YES;
				CLANG_ENABLE_OBJC_WEAK = YES;
				CLANG_WARN_BLOCK_CAPTURE_AUTORELEASING = YES;
				CLANG_WARN_BOOL_CONVERSION = YES;
				CLANG_WARN_COMMA = YES;
				CLANG_WARN_CONSTANT_CONVERSION = YES;
				CLANG_WARN_DEPRECATED_OBJC_IMPLEMENTATIONS = YES;
				CLANG_WARN_DIRECT_OBJC_ISA_USAGE = YES_ERROR;
				CLANG_WARN_DOCUMENTATION_COMMENTS = YES;
				CLANG_WARN_EMPTY_BODY = YES;
				CLANG_WARN_ENUM_CONVERSION = YES;
				CLANG_WARN_INFINITE_RECURSION = YES;
				CLANG_WARN_INT_CONVERSION = YES;
				CLANG_WARN_NON_LITERAL_NULL_CONVERSION = YES;
				CLANG_WARN_OBJC_IMPLICIT_RETAIN_SELF = YES;
				CLANG_WARN_OBJC_LITERAL_CONVERSION = YES;
				CLANG_WARN_OBJC_ROOT_CLASS = YES_ERROR;
				CLANG_WARN_RANGE_LOOP_ANALYSIS = YES;
				CLANG_WARN_STRICT_PROTOTYPES = YES;
				CLANG_WARN_SUSPICIOUS_MOVE = YES;
				CLANG_WARN_UNGUARDED_AVAILABILITY = YES_AGGRESSIVE;
				CLANG_WARN_UNREACHABLE_CODE = YES;
				CLANG_WARN__DUPLICATE_METHOD_MATCH = YES;
				CODE_SIGN_IDENTITY = "iPhone Developer";
				COPY_PHASE_STRIP = NO;
				DEBUG_INFORMATION_FORMAT = dwarf;
				ENABLE_STRICT_OBJC_MSGSEND = YES;
				ENABLE_TESTABILITY = YES;
				GCC_C_LANGUAGE_STANDARD = gnu11;
				GCC_DYNAMIC_NO_PIC = NO;
				GCC_NO_COMMON_BLOCKS = YES;
				GCC_OPTIMIZATION_LEVEL = 0;
				GCC_PREPROCESSOR_DEFINITIONS = (
					"DEBUG=1",
					"$(inherited)",
				);
				GCC_WARN_64_TO_32_BIT_CONVERSION = YES;
				GCC_WARN_ABOUT_RETURN_TYPE = YES_ERROR;
				GCC_WARN_UNDECLARED_SELECTOR = YES;
				GCC_WARN_UNINITIALIZED_AUTOS = YES_AGGRESSIVE;
				GCC_WARN_UNUSED_FUNCTION = YES;
				GCC_WARN_UNUSED_VARIABLE = YES;
				IPHONEOS_DEPLOYMENT_TARGET = 12.1;
				MTL_ENABLE_DEBUG_INFO = INCLUDE_SOURCE;
				MTL_FAST_MATH = YES;
				ONLY_ACTIVE_ARCH = YES;
				SDKROOT = iphoneos;
				SWIFT_ACTIVE_COMPILATION_CONDITIONS = DEBUG;
				SWIFT_OPTIMIZATION_LEVEL = "-Onone";
			};
			name = Debug;
		};
		9881A69E2291A9EA00A12942 /* Release */ = {
			isa = XCBuildConfiguration;
			buildSettings = {
				ALWAYS_SEARCH_USER_PATHS = NO;
				CLANG_ANALYZER_NONNULL = YES;
				CLANG_ANALYZER_NUMBER_OBJECT_CONVERSION = YES_AGGRESSIVE;
				CLANG_CXX_LANGUAGE_STANDARD = "gnu++14";
				CLANG_CXX_LIBRARY = "libc++";
				CLANG_ENABLE_MODULES = YES;
				CLANG_ENABLE_OBJC_ARC = YES;
				CLANG_ENABLE_OBJC_WEAK = YES;
				CLANG_WARN_BLOCK_CAPTURE_AUTORELEASING = YES;
				CLANG_WARN_BOOL_CONVERSION = YES;
				CLANG_WARN_COMMA = YES;
				CLANG_WARN_CONSTANT_CONVERSION = YES;
				CLANG_WARN_DEPRECATED_OBJC_IMPLEMENTATIONS = YES;
				CLANG_WARN_DIRECT_OBJC_ISA_USAGE = YES_ERROR;
				CLANG_WARN_DOCUMENTATION_COMMENTS = YES;
				CLANG_WARN_EMPTY_BODY = YES;
				CLANG_WARN_ENUM_CONVERSION = YES;
				CLANG_WARN_INFINITE_RECURSION = YES;
				CLANG_WARN_INT_CONVERSION = YES;
				CLANG_WARN_NON_LITERAL_NULL_CONVERSION = YES;
				CLANG_WARN_OBJC_IMPLICIT_RETAIN_SELF = YES;
				CLANG_WARN_OBJC_LITERAL_CONVERSION = YES;
				CLANG_WARN_OBJC_ROOT_CLASS = YES_ERROR;
				CLANG_WARN_RANGE_LOOP_ANALYSIS = YES;
				CLANG_WARN_STRICT_PROTOTYPES = YES;
				CLANG_WARN_SUSPICIOUS_MOVE = YES;
				CLANG_WARN_UNGUARDED_AVAILABILITY = YES_AGGRESSIVE;
				CLANG_WARN_UNREACHABLE_CODE = YES;
				CLANG_WARN__DUPLICATE_METHOD_MATCH = YES;
				CODE_SIGN_IDENTITY = "iPhone Developer";
				COPY_PHASE_STRIP = NO;
				DEBUG_INFORMATION_FORMAT = "dwarf-with-dsym";
				ENABLE_NS_ASSERTIONS = NO;
				ENABLE_STRICT_OBJC_MSGSEND = YES;
				GCC_C_LANGUAGE_STANDARD = gnu11;
				GCC_NO_COMMON_BLOCKS = YES;
				GCC_WARN_64_TO_32_BIT_CONVERSION = YES;
				GCC_WARN_ABOUT_RETURN_TYPE = YES_ERROR;
				GCC_WARN_UNDECLARED_SELECTOR = YES;
				GCC_WARN_UNINITIALIZED_AUTOS = YES_AGGRESSIVE;
				GCC_WARN_UNUSED_FUNCTION = YES;
				GCC_WARN_UNUSED_VARIABLE = YES;
				IPHONEOS_DEPLOYMENT_TARGET = 12.1;
				MTL_ENABLE_DEBUG_INFO = NO;
				MTL_FAST_MATH = YES;
				SDKROOT = iphoneos;
				SWIFT_COMPILATION_MODE = wholemodule;
				SWIFT_OPTIMIZATION_LEVEL = "-O";
				VALIDATE_PRODUCT = YES;
			};
			name = Release;
		};
		9881A6A02291A9EA00A12942 /* Debug */ = {
			isa = XCBuildConfiguration;
			buildSettings = {
				ASSETCATALOG_COMPILER_APPICON_NAME = AppIcon;
				CODE_SIGN_STYLE = Automatic;
				DEVELOPMENT_TEAM = K9ZM4HZT9F;
				INFOPLIST_FILE = whaddaya/Info.plist;
				LD_RUNPATH_SEARCH_PATHS = (
					"$(inherited)",
					"@executable_path/Frameworks",
				);
				PRODUCT_BUNDLE_IDENTIFIER = io.grandlabs.whaddaya;
				PRODUCT_NAME = "$(TARGET_NAME)";
				SWIFT_VERSION = 5.0;
				TARGETED_DEVICE_FAMILY = 1;
			};
			name = Debug;
		};
		9881A6A12291A9EA00A12942 /* Release */ = {
			isa = XCBuildConfiguration;
			buildSettings = {
				ASSETCATALOG_COMPILER_APPICON_NAME = AppIcon;
				CODE_SIGN_STYLE = Automatic;
				DEVELOPMENT_TEAM = K9ZM4HZT9F;
				INFOPLIST_FILE = whaddaya/Info.plist;
				LD_RUNPATH_SEARCH_PATHS = (
					"$(inherited)",
					"@executable_path/Frameworks",
				);
				PRODUCT_BUNDLE_IDENTIFIER = io.grandlabs.whaddaya;
				PRODUCT_NAME = "$(TARGET_NAME)";
				SWIFT_VERSION = 5.0;
				TARGETED_DEVICE_FAMILY = 1;
			};
			name = Release;
		};
		9881A6A32291A9EA00A12942 /* Debug */ = {
			isa = XCBuildConfiguration;
			buildSettings = {
				ALWAYS_EMBED_SWIFT_STANDARD_LIBRARIES = YES;
				BUNDLE_LOADER = "$(TEST_HOST)";
				CODE_SIGN_STYLE = Automatic;
				DEVELOPMENT_TEAM = K9ZM4HZT9F;
				INFOPLIST_FILE = whaddayaTests/Info.plist;
				LD_RUNPATH_SEARCH_PATHS = (
					"$(inherited)",
					"@executable_path/Frameworks",
					"@loader_path/Frameworks",
				);
				PRODUCT_BUNDLE_IDENTIFIER = io.grandlabs.whaddayaTests;
				PRODUCT_NAME = "$(TARGET_NAME)";
				SWIFT_VERSION = 5.0;
				TARGETED_DEVICE_FAMILY = "1,2";
				TEST_HOST = "$(BUILT_PRODUCTS_DIR)/whaddaya.app/whaddaya";
			};
			name = Debug;
		};
		9881A6A42291A9EA00A12942 /* Release */ = {
			isa = XCBuildConfiguration;
			buildSettings = {
				ALWAYS_EMBED_SWIFT_STANDARD_LIBRARIES = YES;
				BUNDLE_LOADER = "$(TEST_HOST)";
				CODE_SIGN_STYLE = Automatic;
				DEVELOPMENT_TEAM = K9ZM4HZT9F;
				INFOPLIST_FILE = whaddayaTests/Info.plist;
				LD_RUNPATH_SEARCH_PATHS = (
					"$(inherited)",
					"@executable_path/Frameworks",
					"@loader_path/Frameworks",
				);
				PRODUCT_BUNDLE_IDENTIFIER = io.grandlabs.whaddayaTests;
				PRODUCT_NAME = "$(TARGET_NAME)";
				SWIFT_VERSION = 5.0;
				TARGETED_DEVICE_FAMILY = "1,2";
				TEST_HOST = "$(BUILT_PRODUCTS_DIR)/whaddaya.app/whaddaya";
			};
			name = Release;
		};
/* End XCBuildConfiguration section */

/* Begin XCConfigurationList section */
		9881A67D2291A9E900A12942 /* Build configuration list for PBXProject "whaddaya" */ = {
			isa = XCConfigurationList;
			buildConfigurations = (
				9881A69D2291A9EA00A12942 /* Debug */,
				9881A69E2291A9EA00A12942 /* Release */,
			);
			defaultConfigurationIsVisible = 0;
			defaultConfigurationName = Release;
		};
		9881A69F2291A9EA00A12942 /* Build configuration list for PBXNativeTarget "whaddaya" */ = {
			isa = XCConfigurationList;
			buildConfigurations = (
				9881A6A02291A9EA00A12942 /* Debug */,
				9881A6A12291A9EA00A12942 /* Release */,
			);
			defaultConfigurationIsVisible = 0;
			defaultConfigurationName = Release;
		};
		9881A6A22291A9EA00A12942 /* Build configuration list for PBXNativeTarget "whaddayaTests" */ = {
			isa = XCConfigurationList;
			buildConfigurations = (
				9881A6A32291A9EA00A12942 /* Debug */,
				9881A6A42291A9EA00A12942 /* Release */,
			);
			defaultConfigurationIsVisible = 0;
			defaultConfigurationName = Release;
		};
/* End XCConfigurationList section */
	};
	rootObject = 9881A67A2291A9E900A12942 /* Project object */;
}
